
Microsoft Visual Studio Solution File, Format Version 12.00
# Visual Studio Version 16
VisualStudioVersion = 16.0.31313.79
MinimumVisualStudioVersion = 10.0.40219.1
Project("{FAE04EC0-301F-11D3-BF4B-00C04F79EFBC}") = "AvaloniaTokenizingTextBox", "AvaloniaTokenizingTextBox\AvaloniaTokenizingTextBox.csproj", "{43BAA6D7-A153-4DD7-A382-07769DADFD5B}"
EndProject
Project("{FAE04EC0-301F-11D3-BF4B-00C04F79EFBC}") = "AvaloniaTokenizingTextBox.Sample", "AvaloniaTokenizingTextBox.Sample\AvaloniaTokenizingTextBox.Sample.csproj", "{4E85425C-E17B-4867-B910-2BA71AA9D4D8}"
EndProject
Global
	GlobalSection(SolutionConfigurationPlatforms) = preSolution
		Debug|Any CPU = Debug|Any CPU
		Release|Any CPU = Release|Any CPU
	EndGlobalSection
	GlobalSection(ProjectConfigurationPlatforms) = postSolution
		{43BAA6D7-A153-4DD7-A382-07769DADFD5B}.Debug|Any CPU.ActiveCfg = Debug|Any CPU
		{43BAA6D7-A153-4DD7-A382-07769DADFD5B}.Debug|Any CPU.Build.0 = Debug|Any CPU
		{43BAA6D7-A153-4DD7-A382-07769DADFD5B}.Release|Any CPU.ActiveCfg = Release|Any CPU
		{43BAA6D7-A153-4DD7-A382-07769DADFD5B}.Release|Any CPU.Build.0 = Release|Any CPU
		{4E85425C-E17B-4867-B910-2BA71AA9D4D8}.Debug|Any CPU.ActiveCfg = Debug|Any CPU
		{4E85425C-E17B-4867-B910-2BA71AA9D4D8}.Debug|Any CPU.Build.0 = Debug|Any CPU
		{4E85425C-E17B-4867-B910-2BA71AA9D4D8}.Release|Any CPU.ActiveCfg = Release|Any CPU
		{4E85425C-E17B-4867-B910-2BA71AA9D4D8}.Release|Any CPU.Build.0 = Release|Any CPU
	EndGlobalSection
	GlobalSection(SolutionProperties) = preSolution
		HideSolutionNode = FALSE
	EndGlobalSection
	GlobalSection(ExtensibilityGlobals) = postSolution
		SolutionGuid = {74128074-BC82-4E6A-B875-F38AF346CFF4}
	EndGlobalSection
EndGlobal
